{
    "name": "sample",
    "version": "1.0.0",
    "lockfileVersion": 1,
    "requires": true,
    "dependencies": {
      "express": {
        "version": "3.21.0",
        "resolved": "https://registry.npmjs.org/express/-/express-3.21.0.tgz",
        "integrity": "sha512-SOME_SHA_HASH_FOR_EXPRESS_3.0.7",
        "requires": {
          "methods": "0.0.1",
          "connect": "2.x",
          "range-parser": "0.0.4",
          "fresh": "0.1.0",
          "cookie-signature": "0.0.1",
          "buffer-crc32": "0.2.1",
          "commander": "0.6.1",
          "debug": "0.7.2",
          "crc": "0.2.0",
          "mkdirp": "0.3.3"
        }
      },
      "mongodb": {
        "version": "2.0.1",
        "resolved": "https://registry.npmjs.org/mongodb/-/mongodb-2.0.1.tgz",
        "integrity": "sha512-SOME_SHA_HASH_FOR_MONGODB_2.0.1", 
        "requires": {
          "bson": "0.3.2",
          "readable-stream": "1.1.9",
          "kerberos": "0.0.4",
          "mongodb-core": "1.0.1",
          "es6-promise": "2.0.1",
          "semver": "4.1.0"
        }
      },
      "accepts": {
        "version": "1.0.8",
        "resolved": "https://registry.npmjs.org/accepts/-/accepts-1.0.8.tgz",
        "integrity": "sha512-Y1yJ1/G9BvT/r+p7y7tQe2"
      }
    }
}